<?xml version="1.0" encoding="utf-8"?>
<Project ToolsVersion="4.0" xmlns="http://schemas.microsoft.com/developer/msbuild/2003">
  <ItemGroup>
    <Filter Include="Source Files">
      <UniqueIdentifier>{9f5be194-fe52-46a3-9d93-88a57803d4a9}</UniqueIdentifier>
    </Filter>
    <Filter Include="Header Files">
      <UniqueIdentifier>{13ff9ca0-1788-486c-853f-dc1456a079b8}</UniqueIdentifier>
    </Filter>
    <Filter Include="Header Files\GL">
      <UniqueIdentifier>{feb9b3d8-319d-40e3-b690-b9132499d11e}</UniqueIdentifier>
    </Filter>
  </ItemGroup>
  <ItemGroup>
    <ClCompile Include="main.cpp">
      <Filter>Source Files</Filter>
    </ClCompile>
    <ClCompile Include="mesh_data.cpp">
      <Filter>Source Files</Filter>
    </ClCompile>
    <ClCompile Include="general_utils.cpp">
      <Filter>Source Files</Filter>
    </ClCompile>
    <ClCompile Include="glew.c">
      <Filter>Source Files</Filter>
    </ClCompile>
  </ItemGroup>
  <ItemGroup>
    <ClInclude Include="mesh_data.h">
      <Filter>Header Files</Filter>
    </ClInclude>
    <ClInclude Include="general_utils.h">
      <Filter>Header Files</Filter>
    </ClInclude>
    <ClInclude Include="glew.h">
      <Filter>Header Files\GL</Filter>
    </ClInclude>
    <ClInclude Include="wglew.h">
      <Filter>Header Files\GL</Filter>
    </ClInclude>
    <ClInclude Include="glxew.h">
      <Filter>Header Files\GL</Filter>
    </ClInclude>
  </ItemGroup>
</Project>